// !$*UTF8*$!
{
	archiveVersion = 1;
	classes = {
	};
	objectVersion = 51;
	objects = {

/* Begin PBXBuildFile section */
		03435DB2776C6A7000B3FA40 /* Pods_FairPlayDemoUITests.framework in Frameworks */ = {isa = PBXBuildFile; fileRef = 15229E02D284177E2EBB817E /* Pods_FairPlayDemoUITests.framework */; };
		B0208606192F8C8CB2A04CC8 /* Pods_FairPlayDemo.framework in Frameworks */ = {isa = PBXBuildFile; fileRef = DBFADBB07CD9DAB346A48B5E /* Pods_FairPlayDemo.framework */; };
		FDD7114024E7BFC000C78F00 /* AppDelegate.m in Sources */ = {isa = PBXBuildFile; fileRef = FDD7113F24E7BFC000C78F00 /* AppDelegate.m */; };
		FDD7114324E7BFC000C78F00 /* SceneDelegate.m in Sources */ = {isa = PBXBuildFile; fileRef = FDD7114224E7BFC000C78F00 /* SceneDelegate.m */; };
		FDD7114624E7BFC000C78F00 /* ViewController.m in Sources */ = {isa = PBXBuildFile; fileRef = FDD7114524E7BFC000C78F00 /* ViewController.m */; };
		FDD7114924E7BFC000C78F00 /* Main.storyboard in Resources */ = {isa = PBXBuildFile; fileRef = FDD7114724E7BFC000C78F00 /* Main.storyboard */; };
		FDD7114B24E7BFC500C78F00 /* Assets.xcassets in Resources */ = {isa = PBXBuildFile; fileRef = FDD7114A24E7BFC500C78F00 /* Assets.xcassets */; };
		FDD7114E24E7BFC500C78F00 /* LaunchScreen.storyboard in Resources */ = {isa = PBXBuildFile; fileRef = FDD7114C24E7BFC500C78F00 /* LaunchScreen.storyboard */; };
		FDD7115124E7BFC500C78F00 /* main.m in Sources */ = {isa = PBXBuildFile; fileRef = FDD7115024E7BFC500C78F00 /* main.m */; };
		FDD7115B24E7BFC500C78F00 /* FairPlayDemoUITests.m in Sources */ = {isa = PBXBuildFile; fileRef = FDD7115A24E7BFC500C78F00 /* FairPlayDemoUITests.m */; };
		FDD7116F24E7CE1D00C78F00 /* APLPlayerView.m in Sources */ = {isa = PBXBuildFile; fileRef = FDD7116D24E7CE1C00C78F00 /* APLPlayerView.m */; };
/* End PBXBuildFile section */

/* Begin PBXContainerItemProxy section */
		FDD7115724E7BFC500C78F00 /* PBXContainerItemProxy */ = {
			isa = PBXContainerItemProxy;
			containerPortal = FDD7113324E7BFC000C78F00 /* Project object */;
			proxyType = 1;
			remoteGlobalIDString = FDD7113A24E7BFC000C78F00;
			remoteInfo = FairPlayDemo;
		};
/* End PBXContainerItemProxy section */

/* Begin PBXFileReference section */
		0C3A6126621F0CB8C1E831A9 /* Pods-FairPlayDemo.debug.xcconfig */ = {isa = PBXFileReference; includeInIndex = 1; lastKnownFileType = text.xcconfig; name = "Pods-FairPlayDemo.debug.xcconfig"; path = "Target Support Files/Pods-FairPlayDemo/Pods-FairPlayDemo.debug.xcconfig"; sourceTree = "<group>"; };
		15229E02D284177E2EBB817E /* Pods_FairPlayDemoUITests.framework */ = {isa = PBXFileReference; explicitFileType = wrapper.framework; includeInIndex = 0; path = Pods_FairPlayDemoUITests.framework; sourceTree = BUILT_PRODUCTS_DIR; };
		28FBC97D1E146072ACD4FF5A /* Pods-FairPlayDemoUITests.debug.xcconfig */ = {isa = PBXFileReference; includeInIndex = 1; lastKnownFileType = text.xcconfig; name = "Pods-FairPlayDemoUITests.debug.xcconfig"; path = "Target Support Files/Pods-FairPlayDemoUITests/Pods-FairPlayDemoUITests.debug.xcconfig"; sourceTree = "<group>"; };
		65EA8392925424A155C3FE0D /* Pods-FairPlayDemoUITests.release.xcconfig */ = {isa = PBXFileReference; includeInIndex = 1; lastKnownFileType = text.xcconfig; name = "Pods-FairPlayDemoUITests.release.xcconfig"; path = "Target Support Files/Pods-FairPlayDemoUITests/Pods-FairPlayDemoUITests.release.xcconfig"; sourceTree = "<group>"; };
		ADF671F89DE78EAE73209E60 /* Pods-FairPlayDemo.release.xcconfig */ = {isa = PBXFileReference; includeInIndex = 1; lastKnownFileType = text.xcconfig; name = "Pods-FairPlayDemo.release.xcconfig"; path = "Target Support Files/Pods-FairPlayDemo/Pods-FairPlayDemo.release.xcconfig"; sourceTree = "<group>"; };
		DBFADBB07CD9DAB346A48B5E /* Pods_FairPlayDemo.framework */ = {isa = PBXFileReference; explicitFileType = wrapper.framework; includeInIndex = 0; path = Pods_FairPlayDemo.framework; sourceTree = BUILT_PRODUCTS_DIR; };
		FDD7113B24E7BFC000C78F00 /* FairPlayDemo.app */ = {isa = PBXFileReference; explicitFileType = wrapper.application; includeInIndex = 0; path = FairPlayDemo.app; sourceTree = BUILT_PRODUCTS_DIR; };
		FDD7113E24E7BFC000C78F00 /* AppDelegate.h */ = {isa = PBXFileReference; lastKnownFileType = sourcecode.c.h; path = AppDelegate.h; sourceTree = "<group>"; };
		FDD7113F24E7BFC000C78F00 /* AppDelegate.m */ = {isa = PBXFileReference; lastKnownFileType = sourcecode.c.objc; path = AppDelegate.m; sourceTree = "<group>"; };
		FDD7114124E7BFC000C78F00 /* SceneDelegate.h */ = {isa = PBXFileReference; lastKnownFileType = sourcecode.c.h; path = SceneDelegate.h; sourceTree = "<group>"; };
		FDD7114224E7BFC000C78F00 /* SceneDelegate.m */ = {isa = PBXFileReference; lastKnownFileType = sourcecode.c.objc; path = SceneDelegate.m; sourceTree = "<group>"; };
		FDD7114424E7BFC000C78F00 /* ViewController.h */ = {isa = PBXFileReference; lastKnownFileType = sourcecode.c.h; path = ViewController.h; sourceTree = "<group>"; };
		FDD7114524E7BFC000C78F00 /* ViewController.m */ = {isa = PBXFileReference; lastKnownFileType = sourcecode.c.objc; path = ViewController.m; sourceTree = "<group>"; };
		FDD7114824E7BFC000C78F00 /* Base */ = {isa = PBXFileReference; lastKnownFileType = file.storyboard; name = Base; path = Base.lproj/Main.storyboard; sourceTree = "<group>"; };
		FDD7114A24E7BFC500C78F00 /* Assets.xcassets */ = {isa = PBXFileReference; lastKnownFileType = folder.assetcatalog; path = Assets.xcassets; sourceTree = "<group>"; };
		FDD7114D24E7BFC500C78F00 /* Base */ = {isa = PBXFileReference; lastKnownFileType = file.storyboard; name = Base; path = Base.lproj/LaunchScreen.storyboard; sourceTree = "<group>"; };
		FDD7114F24E7BFC500C78F00 /* Info.plist */ = {isa = PBXFileReference; lastKnownFileType = text.plist.xml; path = Info.plist; sourceTree = "<group>"; };
		FDD7115024E7BFC500C78F00 /* main.m */ = {isa = PBXFileReference; lastKnownFileType = sourcecode.c.objc; path = main.m; sourceTree = "<group>"; };
		FDD7115624E7BFC500C78F00 /* FairPlayDemoUITests.xctest */ = {isa = PBXFileReference; explicitFileType = wrapper.cfbundle; includeInIndex = 0; path = FairPlayDemoUITests.xctest; sourceTree = BUILT_PRODUCTS_DIR; };
		FDD7115A24E7BFC500C78F00 /* FairPlayDemoUITests.m */ = {isa = PBXFileReference; lastKnownFileType = sourcecode.c.objc; path = FairPlayDemoUITests.m; sourceTree = "<group>"; };
		FDD7115C24E7BFC500C78F00 /* Info.plist */ = {isa = PBXFileReference; lastKnownFileType = text.plist.xml; path = Info.plist; sourceTree = "<group>"; };
		FDD7116D24E7CE1C00C78F00 /* APLPlayerView.m */ = {isa = PBXFileReference; fileEncoding = 4; lastKnownFileType = sourcecode.c.objc; path = APLPlayerView.m; sourceTree = "<group>"; };
		FDD7116E24E7CE1C00C78F00 /* APLPlayerView.h */ = {isa = PBXFileReference; fileEncoding = 4; lastKnownFileType = sourcecode.c.h; path = APLPlayerView.h; sourceTree = "<group>"; };
/* End PBXFileReference section */

/* Begin PBXFrameworksBuildPhase section */
		FDD7113824E7BFC000C78F00 /* Frameworks */ = {
			isa = PBXFrameworksBuildPhase;
			buildActionMask = 2147483647;
			files = (
				B0208606192F8C8CB2A04CC8 /* Pods_FairPlayDemo.framework in Frameworks */,
			);
			runOnlyForDeploymentPostprocessing = 0;
		};
		FDD7115324E7BFC500C78F00 /* Frameworks */ = {
			isa = PBXFrameworksBuildPhase;
			buildActionMask = 2147483647;
			files = (
				03435DB2776C6A7000B3FA40 /* Pods_FairPlayDemoUITests.framework in Frameworks */,
			);
			runOnlyForDeploymentPostprocessing = 0;
		};
/* End PBXFrameworksBuildPhase section */

/* Begin PBXGroup section */
		07289BC6597B090662161CF9 /* Pods */ = {
			isa = PBXGroup;
			children = (
				0C3A6126621F0CB8C1E831A9 /* Pods-FairPlayDemo.debug.xcconfig */,
				ADF671F89DE78EAE73209E60 /* Pods-FairPlayDemo.release.xcconfig */,
				28FBC97D1E146072ACD4FF5A /* Pods-FairPlayDemoUITests.debug.xcconfig */,
				65EA8392925424A155C3FE0D /* Pods-FairPlayDemoUITests.release.xcconfig */,
			);
			path = Pods;
			sourceTree = "<group>";
		};
		FDD7113224E7BFC000C78F00 = {
			isa = PBXGroup;
			children = (
				FDD7113D24E7BFC000C78F00 /* FairPlayDemo */,
				FDD7115924E7BFC500C78F00 /* FairPlayDemoUITests */,
				FDD7113C24E7BFC000C78F00 /* Products */,
				FDD7117024E7D03300C78F00 /* Frameworks */,
				07289BC6597B090662161CF9 /* Pods */,
			);
			sourceTree = "<group>";
		};
		FDD7113C24E7BFC000C78F00 /* Products */ = {
			isa = PBXGroup;
			children = (
				FDD7113B24E7BFC000C78F00 /* FairPlayDemo.app */,
				FDD7115624E7BFC500C78F00 /* FairPlayDemoUITests.xctest */,
			);
			name = Products;
			sourceTree = "<group>";
		};
		FDD7113D24E7BFC000C78F00 /* FairPlayDemo */ = {
			isa = PBXGroup;
			children = (
				FDD7113E24E7BFC000C78F00 /* AppDelegate.h */,
				FDD7113F24E7BFC000C78F00 /* AppDelegate.m */,
				FDD7114124E7BFC000C78F00 /* SceneDelegate.h */,
				FDD7114224E7BFC000C78F00 /* SceneDelegate.m */,
				FDD7116E24E7CE1C00C78F00 /* APLPlayerView.h */,
				FDD7116D24E7CE1C00C78F00 /* APLPlayerView.m */,
				FDD7114424E7BFC000C78F00 /* ViewController.h */,
				FDD7114524E7BFC000C78F00 /* ViewController.m */,
				FDD7114724E7BFC000C78F00 /* Main.storyboard */,
				FDD7114A24E7BFC500C78F00 /* Assets.xcassets */,
				FDD7114C24E7BFC500C78F00 /* LaunchScreen.storyboard */,
				FDD7114F24E7BFC500C78F00 /* Info.plist */,
				FDD7115024E7BFC500C78F00 /* main.m */,
			);
			path = FairPlayDemo;
			sourceTree = "<group>";
		};
		FDD7115924E7BFC500C78F00 /* FairPlayDemoUITests */ = {
			isa = PBXGroup;
			children = (
				FDD7115A24E7BFC500C78F00 /* FairPlayDemoUITests.m */,
				FDD7115C24E7BFC500C78F00 /* Info.plist */,
			);
			path = FairPlayDemoUITests;
			sourceTree = "<group>";
		};
		FDD7117024E7D03300C78F00 /* Frameworks */ = {
			isa = PBXGroup;
			children = (
				DBFADBB07CD9DAB346A48B5E /* Pods_FairPlayDemo.framework */,
				15229E02D284177E2EBB817E /* Pods_FairPlayDemoUITests.framework */,
			);
			name = Frameworks;
			sourceTree = "<group>";
		};
/* End PBXGroup section */

/* Begin PBXNativeTarget section */
		FDD7113A24E7BFC000C78F00 /* FairPlayDemo */ = {
			isa = PBXNativeTarget;
			buildConfigurationList = FDD7115F24E7BFC500C78F00 /* Build configuration list for PBXNativeTarget "FairPlayDemo" */;
			buildPhases = (
				91A00990EDFB0EB429457317 /* [CP] Check Pods Manifest.lock */,
				FDD7113724E7BFC000C78F00 /* Sources */,
				FDD7113824E7BFC000C78F00 /* Frameworks */,
				FDD7113924E7BFC000C78F00 /* Resources */,
				68DBA1010F112E0CB8E7066E /* [CP] Embed Pods Frameworks */,
			);
			buildRules = (
			);
			dependencies = (
			);
			name = FairPlayDemo;
			productName = FairPlayDemo;
			productReference = FDD7113B24E7BFC000C78F00 /* FairPlayDemo.app */;
			productType = "com.apple.product-type.application";
		};
		FDD7115524E7BFC500C78F00 /* FairPlayDemoUITests */ = {
			isa = PBXNativeTarget;
			buildConfigurationList = FDD7116224E7BFC500C78F00 /* Build configuration list for PBXNativeTarget "FairPlayDemoUITests" */;
			buildPhases = (
				295DAB7F81D7749496301E4C /* [CP] Check Pods Manifest.lock */,
				FDD7115224E7BFC500C78F00 /* Sources */,
				FDD7115324E7BFC500C78F00 /* Frameworks */,
				FDD7115424E7BFC500C78F00 /* Resources */,
			);
			buildRules = (
			);
			dependencies = (
				FDD7115824E7BFC500C78F00 /* PBXTargetDependency */,
			);
			name = FairPlayDemoUITests;
			productName = FairPlayDemoUITests;
			productReference = FDD7115624E7BFC500C78F00 /* FairPlayDemoUITests.xctest */;
			productType = "com.apple.product-type.bundle.ui-testing";
		};
/* End PBXNativeTarget section */

/* Begin PBXProject section */
		FDD7113324E7BFC000C78F00 /* Project object */ = {
			isa = PBXProject;
			attributes = {
				LastUpgradeCheck = 1140;
				ORGANIZATIONNAME = NguyenVanSao;
				TargetAttributes = {
					FDD7113A24E7BFC000C78F00 = {
						CreatedOnToolsVersion = 11.4;
					};
					FDD7115524E7BFC500C78F00 = {
						CreatedOnToolsVersion = 11.4;
						TestTargetID = FDD7113A24E7BFC000C78F00;
					};
				};
			};
			buildConfigurationList = FDD7113624E7BFC000C78F00 /* Build configuration list for PBXProject "FairPlayDemo" */;
			compatibilityVersion = "Xcode 9.3";
			developmentRegion = en;
			hasScannedForEncodings = 0;
			knownRegions = (
				en,
				Base,
			);
			mainGroup = FDD7113224E7BFC000C78F00;
			productRefGroup = FDD7113C24E7BFC000C78F00 /* Products */;
			projectDirPath = "";
			projectRoot = "";
			targets = (
				FDD7113A24E7BFC000C78F00 /* FairPlayDemo */,
				FDD7115524E7BFC500C78F00 /* FairPlayDemoUITests */,
			);
		};
/* End PBXProject section */

/* Begin PBXResourcesBuildPhase section */
		FDD7113924E7BFC000C78F00 /* Resources */ = {
			isa = PBXResourcesBuildPhase;
			buildActionMask = 2147483647;
			files = (
				FDD7114E24E7BFC500C78F00 /* LaunchScreen.storyboard in Resources */,
				FDD7114B24E7BFC500C78F00 /* Assets.xcassets in Resources */,
				FDD7114924E7BFC000C78F00 /* Main.storyboard in Resources */,
			);
			runOnlyForDeploymentPostprocessing = 0;
		};
		FDD7115424E7BFC500C78F00 /* Resources */ = {
			isa = PBXResourcesBuildPhase;
			buildActionMask = 2147483647;
			files = (
			);
			runOnlyForDeploymentPostprocessing = 0;
		};
/* End PBXResourcesBuildPhase section */

/* Begin PBXShellScriptBuildPhase section */
		295DAB7F81D7749496301E4C /* [CP] Check Pods Manifest.lock */ = {
			isa = PBXShellScriptBuildPhase;
			buildActionMask = 2147483647;
			files = (
			);
			inputFileListPaths = (
			);
			inputPaths = (
				"${PODS_PODFILE_DIR_PATH}/Podfile.lock",
				"${PODS_ROOT}/Manifest.lock",
			);
			name = "[CP] Check Pods Manifest.lock";
			outputFileListPaths = (
			);
			outputPaths = (
				"$(DERIVED_FILE_DIR)/Pods-FairPlayDemoUITests-checkManifestLockResult.txt",
			);
			runOnlyForDeploymentPostprocessing = 0;
			shellPath = /bin/sh;
			shellScript = "diff \"${PODS_PODFILE_DIR_PATH}/Podfile.lock\" \"${PODS_ROOT}/Manifest.lock\" > /dev/null\nif [ $? != 0 ] ; then\n    # print error to STDERR\n    echo \"error: The sandbox is not in sync with the Podfile.lock. Run 'pod install' or update your CocoaPods installation.\" >&2\n    exit 1\nfi\n# This output is used by Xcode 'outputs' to avoid re-running this script phase.\necho \"SUCCESS\" > \"${SCRIPT_OUTPUT_FILE_0}\"\n";
			showEnvVarsInLog = 0;
		};
		68DBA1010F112E0CB8E7066E /* [CP] Embed Pods Frameworks */ = {
			isa = PBXShellScriptBuildPhase;
			buildActionMask = 2147483647;
			files = (
			);
			inputFileListPaths = (
				"${PODS_ROOT}/Target Support Files/Pods-FairPlayDemo/Pods-FairPlayDemo-frameworks-${CONFIGURATION}-input-files.xcfilelist",
			);
			name = "[CP] Embed Pods Frameworks";
			outputFileListPaths = (
				"${PODS_ROOT}/Target Support Files/Pods-FairPlayDemo/Pods-FairPlayDemo-frameworks-${CONFIGURATION}-output-files.xcfilelist",
			);
			runOnlyForDeploymentPostprocessing = 0;
			shellPath = /bin/sh;
			shellScript = "\"${PODS_ROOT}/Target Support Files/Pods-FairPlayDemo/Pods-FairPlayDemo-frameworks.sh\"\n";
			showEnvVarsInLog = 0;
		};
		91A00990EDFB0EB429457317 /* [CP] Check Pods Manifest.lock */ = {
			isa = PBXShellScriptBuildPhase;
			buildActionMask = 2147483647;
			files = (
			);
			inputFileListPaths = (
			);
			inputPaths = (
				"${PODS_PODFILE_DIR_PATH}/Podfile.lock",
				"${PODS_ROOT}/Manifest.lock",
			);
			name = "[CP] Check Pods Manifest.lock";
			outputFileListPaths = (
			);
			outputPaths = (
				"$(DERIVED_FILE_DIR)/Pods-FairPlayDemo-checkManifestLockResult.txt",
			);
			runOnlyForDeploymentPostprocessing = 0;
			shellPath = /bin/sh;
			shellScript = "diff \"${PODS_PODFILE_DIR_PATH}/Podfile.lock\" \"${PODS_ROOT}/Manifest.lock\" > /dev/null\nif [ $? != 0 ] ; then\n    # print error to STDERR\n    echo \"error: The sandbox is not in sync with the Podfile.lock. Run 'pod install' or update your CocoaPods installation.\" >&2\n    exit 1\nfi\n# This output is used by Xcode 'outputs' to avoid re-running this script phase.\necho \"SUCCESS\" > \"${SCRIPT_OUTPUT_FILE_0}\"\n";
			showEnvVarsInLog = 0;
		};
/* End PBXShellScriptBuildPhase section */

/* Begin PBXSourcesBuildPhase section */
		FDD7113724E7BFC000C78F00 /* Sources */ = {
			isa = PBXSourcesBuildPhase;
			buildActionMask = 2147483647;
			files = (
				FDD7114624E7BFC000C78F00 /* ViewController.m in Sources */,
				FDD7114024E7BFC000C78F00 /* AppDelegate.m in Sources */,
				FDD7115124E7BFC500C78F00 /* main.m in Sources */,
				FDD7114324E7BFC000C78F00 /* SceneDelegate.m in Sources */,
				FDD7116F24E7CE1D00C78F00 /* APLPlayerView.m in Sources */,
			);
			runOnlyForDeploymentPostprocessing = 0;
		};
		FDD7115224E7BFC500C78F00 /* Sources */ = {
			isa = PBXSourcesBuildPhase;
			buildActionMask = 2147483647;
			files = (
				FDD7115B24E7BFC500C78F00 /* FairPlayDemoUITests.m in Sources */,
			);
			runOnlyForDeploymentPostprocessing = 0;
		};
/* End PBXSourcesBuildPhase section */

/* Begin PBXTargetDependency section */
		FDD7115824E7BFC500C78F00 /* PBXTargetDependency */ = {
			isa = PBXTargetDependency;
			target = FDD7113A24E7BFC000C78F00 /* FairPlayDemo */;
			targetProxy = FDD7115724E7BFC500C78F00 /* PBXContainerItemProxy */;
		};
/* End PBXTargetDependency section */

/* Begin PBXVariantGroup section */
		FDD7114724E7BFC000C78F00 /* Main.storyboard */ = {
			isa = PBXVariantGroup;
			children = (
				FDD7114824E7BFC000C78F00 /* Base */,
			);
			name = Main.storyboard;
			sourceTree = "<group>";
		};
		FDD7114C24E7BFC500C78F00 /* LaunchScreen.storyboard */ = {
			isa = PBXVariantGroup;
			children = (
				FDD7114D24E7BFC500C78F00 /* Base */,
			);
			name = LaunchScreen.storyboard;
			sourceTree = "<group>";
		};
/* End PBXVariantGroup section */

/* Begin XCBuildConfiguration section */
		FDD7115D24E7BFC500C78F00 /* Debug */ = {
			isa = XCBuildConfiguration;
			buildSettings = {
				ALWAYS_SEARCH_USER_PATHS = NO;
				CLANG_ANALYZER_NONNULL = YES;
				CLANG_ANALYZER_NUMBER_OBJECT_CONVERSION = YES_AGGRESSIVE;
				CLANG_CXX_LANGUAGE_STANDARD = "gnu++14";
				CLANG_CXX_LIBRARY = "libc++";
				CLANG_ENABLE_MODULES = YES;
				CLANG_ENABLE_OBJC_ARC = YES;
				CLANG_ENABLE_OBJC_WEAK = YES;
				CLANG_WARN_BLOCK_CAPTURE_AUTORELEASING = YES;
				CLANG_WARN_BOOL_CONVERSION = YES;
				CLANG_WARN_COMMA = YES;
				CLANG_WARN_CONSTANT_CONVERSION = YES;
				CLANG_WARN_DEPRECATED_OBJC_IMPLEMENTATIONS = YES;
				CLANG_WARN_DIRECT_OBJC_ISA_USAGE = YES_ERROR;
				CLANG_WARN_DOCUMENTATION_COMMENTS = YES;
				CLANG_WARN_EMPTY_BODY = YES;
				CLANG_WARN_ENUM_CONVERSION = YES;
				CLANG_WARN_INFINITE_RECURSION = YES;
				CLANG_WARN_INT_CONVERSION = YES;
				CLANG_WARN_NON_LITERAL_NULL_CONVERSION = YES;
				CLANG_WARN_OBJC_IMPLICIT_RETAIN_SELF = YES;
				CLANG_WARN_OBJC_LITERAL_CONVERSION = YES;
				CLANG_WARN_OBJC_ROOT_CLASS = YES_ERROR;
				CLANG_WARN_RANGE_LOOP_ANALYSIS = YES;
				CLANG_WARN_STRICT_PROTOTYPES = YES;
				CLANG_WARN_SUSPICIOUS_MOVE = YES;
				CLANG_WARN_UNGUARDED_AVAILABILITY = YES_AGGRESSIVE;
				CLANG_WARN_UNREACHABLE_CODE = YES;
				CLANG_WARN__DUPLICATE_METHOD_MATCH = YES;
				COPY_PHASE_STRIP = NO;
				DEBUG_INFORMATION_FORMAT = dwarf;
				ENABLE_STRICT_OBJC_MSGSEND = YES;
				ENABLE_TESTABILITY = YES;
				GCC_C_LANGUAGE_STANDARD = gnu11;
				GCC_DYNAMIC_NO_PIC = NO;
				GCC_NO_COMMON_BLOCKS = YES;
				GCC_OPTIMIZATION_LEVEL = 0;
				GCC_PREPROCESSOR_DEFINITIONS = (
					"DEBUG=1",
					"$(inherited)",
				);
				GCC_WARN_64_TO_32_BIT_CONVERSION = YES;
				GCC_WARN_ABOUT_RETURN_TYPE = YES_ERROR;
				GCC_WARN_UNDECLARED_SELECTOR = YES;
				GCC_WARN_UNINITIALIZED_AUTOS = YES_AGGRESSIVE;
				GCC_WARN_UNUSED_FUNCTION = YES;
				GCC_WARN_UNUSED_VARIABLE = YES;
				IPHONEOS_DEPLOYMENT_TARGET = 13.4;
				MTL_ENABLE_DEBUG_INFO = INCLUDE_SOURCE;
				MTL_FAST_MATH = YES;
				ONLY_ACTIVE_ARCH = YES;
				SDKROOT = iphoneos;
			};
			name = Debug;
		};
		FDD7115E24E7BFC500C78F00 /* Release */ = {
			isa = XCBuildConfiguration;
			buildSettings = {
				ALWAYS_SEARCH_USER_PATHS = NO;
				CLANG_ANALYZER_NONNULL = YES;
				CLANG_ANALYZER_NUMBER_OBJECT_CONVERSION = YES_AGGRESSIVE;
				CLANG_CXX_LANGUAGE_STANDARD = "gnu++14";
				CLANG_CXX_LIBRARY = "libc++";
				CLANG_ENABLE_MODULES = YES;
				CLANG_ENABLE_OBJC_ARC = YES;
				CLANG_ENABLE_OBJC_WEAK = YES;
				CLANG_WARN_BLOCK_CAPTURE_AUTORELEASING = YES;
				CLANG_WARN_BOOL_CONVERSION = YES;
				CLANG_WARN_COMMA = YES;
				CLANG_WARN_CONSTANT_CONVERSION = YES;
				CLANG_WARN_DEPRECATED_OBJC_IMPLEMENTATIONS = YES;
				CLANG_WARN_DIRECT_OBJC_ISA_USAGE = YES_ERROR;
				CLANG_WARN_DOCUMENTATION_COMMENTS = YES;
				CLANG_WARN_EMPTY_BODY = YES;
				CLANG_WARN_ENUM_CONVERSION = YES;
				CLANG_WARN_INFINITE_RECURSION = YES;
				CLANG_WARN_INT_CONVERSION = YES;
				CLANG_WARN_NON_LITERAL_NULL_CONVERSION = YES;
				CLANG_WARN_OBJC_IMPLICIT_RETAIN_SELF = YES;
				CLANG_WARN_OBJC_LITERAL_CONVERSION = YES;
				CLANG_WARN_OBJC_ROOT_CLASS = YES_ERROR;
				CLANG_WARN_RANGE_LOOP_ANALYSIS = YES;
				CLANG_WARN_STRICT_PROTOTYPES = YES;
				CLANG_WARN_SUSPICIOUS_MOVE = YES;
				CLANG_WARN_UNGUARDED_AVAILABILITY = YES_AGGRESSIVE;
				CLANG_WARN_UNREACHABLE_CODE = YES;
				CLANG_WARN__DUPLICATE_METHOD_MATCH = YES;
				COPY_PHASE_STRIP = NO;
				DEBUG_INFORMATION_FORMAT = "dwarf-with-dsym";
				ENABLE_NS_ASSERTIONS = NO;
				ENABLE_STRICT_OBJC_MSGSEND = YES;
				GCC_C_LANGUAGE_STANDARD = gnu11;
				GCC_NO_COMMON_BLOCKS = YES;
				GCC_WARN_64_TO_32_BIT_CONVERSION = YES;
				GCC_WARN_ABOUT_RETURN_TYPE = YES_ERROR;
				GCC_WARN_UNDECLARED_SELECTOR = YES;
				GCC_WARN_UNINITIALIZED_AUTOS = YES_AGGRESSIVE;
				GCC_WARN_UNUSED_FUNCTION = YES;
				GCC_WARN_UNUSED_VARIABLE = YES;
				IPHONEOS_DEPLOYMENT_TARGET = 13.4;
				MTL_ENABLE_DEBUG_INFO = NO;
				MTL_FAST_MATH = YES;
				SDKROOT = iphoneos;
				VALIDATE_PRODUCT = YES;
			};
			name = Release;
		};
		FDD7116024E7BFC500C78F00 /* Debug */ = {
			isa = XCBuildConfiguration;
			baseConfigurationReference = 0C3A6126621F0CB8C1E831A9 /* Pods-FairPlayDemo.debug.xcconfig */;
			buildSettings = {
				ASSETCATALOG_COMPILER_APPICON_NAME = AppIcon;
				CODE_SIGN_STYLE = Automatic;
				DEVELOPMENT_TEAM = 653RQ2NUA9;
				HEADER_SEARCH_PATHS = "";
				INFOPLIST_FILE = FairPlayDemo/Info.plist;
				IPHONEOS_DEPLOYMENT_TARGET = 8.0;
				LD_RUNPATH_SEARCH_PATHS = (
					"$(inherited)",
					"@executable_path/Frameworks",
				);
				PRODUCT_BUNDLE_IDENTIFIER = com.sigma.drm.FairPlayDemo;
				PRODUCT_NAME = "$(TARGET_NAME)";
				SUPPORTED_PLATFORMS = "iphonesimulator iphoneos";
				TARGETED_DEVICE_FAMILY = "1,2";
			};
			name = Debug;
		};
		FDD7116124E7BFC500C78F00 /* Release */ = {
			isa = XCBuildConfiguration;
			baseConfigurationReference = ADF671F89DE78EAE73209E60 /* Pods-FairPlayDemo.release.xcconfig */;
			buildSettings = {
				ASSETCATALOG_COMPILER_APPICON_NAME = AppIcon;
				CODE_SIGN_STYLE = Automatic;
				DEVELOPMENT_TEAM = 653RQ2NUA9;
				HEADER_SEARCH_PATHS = "";
				INFOPLIST_FILE = FairPlayDemo/Info.plist;
				IPHONEOS_DEPLOYMENT_TARGET = 8.0;
				LD_RUNPATH_SEARCH_PATHS = (
					"$(inherited)",
					"@executable_path/Frameworks",
				);
				PRODUCT_BUNDLE_IDENTIFIER = com.sigma.drm.FairPlayDemo;
				PRODUCT_NAME = "$(TARGET_NAME)";
				SUPPORTED_PLATFORMS = "iphonesimulator iphoneos";
				TARGETED_DEVICE_FAMILY = "1,2";
			};
			name = Release;
		};
		FDD7116324E7BFC500C78F00 /* Debug */ = {
			isa = XCBuildConfiguration;
			baseConfigurationReference = 28FBC97D1E146072ACD4FF5A /* Pods-FairPlayDemoUITests.debug.xcconfig */;
			buildSettings = {
				CODE_SIGN_STYLE = Automatic;
				DEVELOPMENT_TEAM = 653RQ2NUA9;
				INFOPLIST_FILE = FairPlayDemoUITests/Info.plist;
				LD_RUNPATH_SEARCH_PATHS = (
					"$(inherited)",
					"@executable_path/Frameworks",
					"@loader_path/Frameworks",
				);
				PRODUCT_BUNDLE_IDENTIFIER = com.sigma.drm.FairPlayDemoUITests;
				PRODUCT_NAME = "$(TARGET_NAME)";
				TARGETED_DEVICE_FAMILY = "1,2";
				TEST_TARGET_NAME = FairPlayDemo;
			};
			name = Debug;
		};
		FDD7116424E7BFC500C78F00 /* Release */ = {
			isa = XCBuildConfiguration;
			baseConfigurationReference = 65EA8392925424A155C3FE0D /* Pods-FairPlayDemoUITests.release.xcconfig */;
			buildSettings = {
				CODE_SIGN_STYLE = Automatic;
				DEVELOPMENT_TEAM = 653RQ2NUA9;
				INFOPLIST_FILE = FairPlayDemoUITests/Info.plist;
				LD_RUNPATH_SEARCH_PATHS = (
					"$(inherited)",
					"@executable_path/Frameworks",
					"@loader_path/Frameworks",
				);
				PRODUCT_BUNDLE_IDENTIFIER = com.sigma.drm.FairPlayDemoUITests;
				PRODUCT_NAME = "$(TARGET_NAME)";
				TARGETED_DEVICE_FAMILY = "1,2";
				TEST_TARGET_NAME = FairPlayDemo;
			};
			name = Release;
		};
/* End XCBuildConfiguration section */

/* Begin XCConfigurationList section */
		FDD7113624E7BFC000C78F00 /* Build configuration list for PBXProject "FairPlayDemo" */ = {
			isa = XCConfigurationList;
			buildConfigurations = (
				FDD7115D24E7BFC500C78F00 /* Debug */,
				FDD7115E24E7BFC500C78F00 /* Release */,
			);
			defaultConfigurationIsVisible = 0;
			defaultConfigurationName = Release;
		};
		FDD7115F24E7BFC500C78F00 /* Build configuration list for PBXNativeTarget "FairPlayDemo" */ = {
			isa = XCConfigurationList;
			buildConfigurations = (
				FDD7116024E7BFC500C78F00 /* Debug */,
				FDD7116124E7BFC500C78F00 /* Release */,
			);
			defaultConfigurationIsVisible = 0;
			defaultConfigurationName = Release;
		};
		FDD7116224E7BFC500C78F00 /* Build configuration list for PBXNativeTarget "FairPlayDemoUITests" */ = {
			isa = XCConfigurationList;
			buildConfigurations = (
				FDD7116324E7BFC500C78F00 /* Debug */,
				FDD7116424E7BFC500C78F00 /* Release */,
			);
			defaultConfigurationIsVisible = 0;
			defaultConfigurationName = Release;
		};
/* End XCConfigurationList section */
	};
	rootObject = FDD7113324E7BFC000C78F00 /* Project object */;
}
